
Microsoft Visual Studio Solution File, Format Version 12.00
# Visual Studio Version 16
VisualStudioVersion = 16.0.30711.63
MinimumVisualStudioVersion = 10.0.40219.1
Project("{FAE04EC0-301F-11D3-BF4B-00C04F79EFBC}") = "FlexiForum", "FlexiForum\FlexiForum.csproj", "{E6F70B60-A0BF-46B5-B86A-4F9941158324}"
EndProject
Project("{FAE04EC0-301F-11D3-BF4B-00C04F79EFBC}") = "FlexiForum.Data", "FlexiForum.Data\FlexiForum.Data.csproj", "{903AF26B-634F-47BA-8C6E-063D9789CC97}"
EndProject
Global
	GlobalSection(SolutionConfigurationPlatforms) = preSolution
		Debug|Any CPU = Debug|Any CPU
		Release|Any CPU = Release|Any CPU
	EndGlobalSection
	GlobalSection(ProjectConfigurationPlatforms) = postSolution
		{E6F70B60-A0BF-46B5-B86A-4F9941158324}.Debug|Any CPU.ActiveCfg = Debug|Any CPU
		{E6F70B60-A0BF-46B5-B86A-4F9941158324}.Debug|Any CPU.Build.0 = Debug|Any CPU
		{E6F70B60-A0BF-46B5-B86A-4F9941158324}.Release|Any CPU.ActiveCfg = Release|Any CPU
		{E6F70B60-A0BF-46B5-B86A-4F9941158324}.Release|Any CPU.Build.0 = Release|Any CPU
		{903AF26B-634F-47BA-8C6E-063D9789CC97}.Debug|Any CPU.ActiveCfg = Debug|Any CPU
		{903AF26B-634F-47BA-8C6E-063D9789CC97}.Debug|Any CPU.Build.0 = Debug|Any CPU
		{903AF26B-634F-47BA-8C6E-063D9789CC97}.Release|Any CPU.ActiveCfg = Release|Any CPU
		{903AF26B-634F-47BA-8C6E-063D9789CC97}.Release|Any CPU.Build.0 = Release|Any CPU
	EndGlobalSection
	GlobalSection(SolutionProperties) = preSolution
		HideSolutionNode = FALSE
	EndGlobalSection
	GlobalSection(ExtensibilityGlobals) = postSolution
		SolutionGuid = {F5EE9982-13A3-4497-9D66-4969A3FBBEDA}
	EndGlobalSection
EndGlobal
